// !$*UTF8*$!
{
	archiveVersion = 1;
	classes = {
	};
	objectVersion = 50;
	objects = {

/* Begin PBXBuildFile section */
		4296B8EA22D6BF170049C446 /* CS200_Lab7_2_VehicleInheritance.cpp in Sources */ = {isa = PBXBuildFile; fileRef = 4296B8E922D6BF170049C446 /* CS200_Lab7_2_VehicleInheritance.cpp */; };
		4296B8F222D6BFA90049C446 /* Vehicle.cpp in Sources */ = {isa = PBXBuildFile; fileRef = 4296B8F022D6BFA90049C446 /* Vehicle.cpp */; };
		42F1770622D6C593009B9F66 /* Sedan.cpp in Sources */ = {isa = PBXBuildFile; fileRef = 42F1770422D6C593009B9F66 /* Sedan.cpp */; };
/* End PBXBuildFile section */

/* Begin PBXCopyFilesBuildPhase section */
		4296B8E422D6BF170049C446 /* CopyFiles */ = {
			isa = PBXCopyFilesBuildPhase;
			buildActionMask = 2147483647;
			dstPath = /usr/share/man/man1/;
			dstSubfolderSpec = 0;
			files = (
			);
			runOnlyForDeploymentPostprocessing = 1;
		};
/* End PBXCopyFilesBuildPhase section */

/* Begin PBXFileReference section */
		4296B8E622D6BF170049C446 /* CS200_Lab7_2_VehicleInheritance */ = {isa = PBXFileReference; explicitFileType = "compiled.mach-o.executable"; includeInIndex = 0; path = CS200_Lab7_2_VehicleInheritance; sourceTree = BUILT_PRODUCTS_DIR; };
		4296B8E922D6BF170049C446 /* CS200_Lab7_2_VehicleInheritance.cpp */ = {isa = PBXFileReference; lastKnownFileType = sourcecode.cpp.cpp; path = CS200_Lab7_2_VehicleInheritance.cpp; sourceTree = "<group>"; };
		4296B8F022D6BFA90049C446 /* Vehicle.cpp */ = {isa = PBXFileReference; lastKnownFileType = sourcecode.cpp.cpp; path = Vehicle.cpp; sourceTree = "<group>"; };
		4296B8F122D6BFA90049C446 /* Vehicle.h */ = {isa = PBXFileReference; lastKnownFileType = sourcecode.c.h; path = Vehicle.h; sourceTree = "<group>"; };
		42F1770422D6C593009B9F66 /* Sedan.cpp */ = {isa = PBXFileReference; lastKnownFileType = sourcecode.cpp.cpp; path = Sedan.cpp; sourceTree = "<group>"; };
		42F1770522D6C593009B9F66 /* Sedan.h */ = {isa = PBXFileReference; lastKnownFileType = sourcecode.c.h; path = Sedan.h; sourceTree = "<group>"; };
/* End PBXFileReference section */

/* Begin PBXFrameworksBuildPhase section */
		4296B8E322D6BF170049C446 /* Frameworks */ = {
			isa = PBXFrameworksBuildPhase;
			buildActionMask = 2147483647;
			files = (
			);
			runOnlyForDeploymentPostprocessing = 0;
		};
/* End PBXFrameworksBuildPhase section */

/* Begin PBXGroup section */
		4296B8DD22D6BF170049C446 = {
			isa = PBXGroup;
			children = (
				4296B8E822D6BF170049C446 /* CS200_Lab7_2_VehicleInheritance */,
				4296B8E722D6BF170049C446 /* Products */,
			);
			sourceTree = "<group>";
		};
		4296B8E722D6BF170049C446 /* Products */ = {
			isa = PBXGroup;
			children = (
				4296B8E622D6BF170049C446 /* CS200_Lab7_2_VehicleInheritance */,
			);
			name = Products;
			sourceTree = "<group>";
		};
		4296B8E822D6BF170049C446 /* CS200_Lab7_2_VehicleInheritance */ = {
			isa = PBXGroup;
			children = (
				4296B8E922D6BF170049C446 /* CS200_Lab7_2_VehicleInheritance.cpp */,
				4296B8F022D6BFA90049C446 /* Vehicle.cpp */,
				4296B8F122D6BFA90049C446 /* Vehicle.h */,
				42F1770422D6C593009B9F66 /* Sedan.cpp */,
				42F1770522D6C593009B9F66 /* Sedan.h */,
			);
			path = CS200_Lab7_2_VehicleInheritance;
			sourceTree = "<group>";
		};
/* End PBXGroup section */

/* Begin PBXNativeTarget section */
		4296B8E522D6BF170049C446 /* CS200_Lab7_2_VehicleInheritance */ = {
			isa = PBXNativeTarget;
			buildConfigurationList = 4296B8ED22D6BF170049C446 /* Build configuration list for PBXNativeTarget "CS200_Lab7_2_VehicleInheritance" */;
			buildPhases = (
				4296B8E222D6BF170049C446 /* Sources */,
				4296B8E322D6BF170049C446 /* Frameworks */,
				4296B8E422D6BF170049C446 /* CopyFiles */,
			);
			buildRules = (
			);
			dependencies = (
			);
			name = CS200_Lab7_2_VehicleInheritance;
			productName = CS200_Lab7_2_VehicleInheritance;
			productReference = 4296B8E622D6BF170049C446 /* CS200_Lab7_2_VehicleInheritance */;
			productType = "com.apple.product-type.tool";
		};
/* End PBXNativeTarget section */

/* Begin PBXProject section */
		4296B8DE22D6BF170049C446 /* Project object */ = {
			isa = PBXProject;
			attributes = {
				LastUpgradeCheck = 1010;
				ORGANIZATIONNAME = "Jessie Sully";
				TargetAttributes = {
					4296B8E522D6BF170049C446 = {
						CreatedOnToolsVersion = 10.1;
					};
				};
			};
			buildConfigurationList = 4296B8E122D6BF170049C446 /* Build configuration list for PBXProject "CS200_Lab7_2_VehicleInheritance" */;
			compatibilityVersion = "Xcode 9.3";
			developmentRegion = en;
			hasScannedForEncodings = 0;
			knownRegions = (
				en,
			);
			mainGroup = 4296B8DD22D6BF170049C446;
			productRefGroup = 4296B8E722D6BF170049C446 /* Products */;
			projectDirPath = "";
			projectRoot = "";
			targets = (
				4296B8E522D6BF170049C446 /* CS200_Lab7_2_VehicleInheritance */,
			);
		};
/* End PBXProject section */

/* Begin PBXSourcesBuildPhase section */
		4296B8E222D6BF170049C446 /* Sources */ = {
			isa = PBXSourcesBuildPhase;
			buildActionMask = 2147483647;
			files = (
				4296B8F222D6BFA90049C446 /* Vehicle.cpp in Sources */,
				4296B8EA22D6BF170049C446 /* CS200_Lab7_2_VehicleInheritance.cpp in Sources */,
				42F1770622D6C593009B9F66 /* Sedan.cpp in Sources */,
			);
			runOnlyForDeploymentPostprocessing = 0;
		};
/* End PBXSourcesBuildPhase section */

/* Begin XCBuildConfiguration section */
		4296B8EB22D6BF170049C446 /* Debug */ = {
			isa = XCBuildConfiguration;
			buildSettings = {
				ALWAYS_SEARCH_USER_PATHS = NO;
				CLANG_ANALYZER_NONNULL = YES;
				CLANG_ANALYZER_NUMBER_OBJECT_CONVERSION = YES_AGGRESSIVE;
				CLANG_CXX_LANGUAGE_STANDARD = "gnu++14";
				CLANG_CXX_LIBRARY = "libc++";
				CLANG_ENABLE_MODULES = YES;
				CLANG_ENABLE_OBJC_ARC = YES;
				CLANG_ENABLE_OBJC_WEAK = YES;
				CLANG_WARN_BLOCK_CAPTURE_AUTORELEASING = YES;
				CLANG_WARN_BOOL_CONVERSION = YES;
				CLANG_WARN_COMMA = YES;
				CLANG_WARN_CONSTANT_CONVERSION = YES;
				CLANG_WARN_DEPRECATED_OBJC_IMPLEMENTATIONS = YES;
				CLANG_WARN_DIRECT_OBJC_ISA_USAGE = YES_ERROR;
				CLANG_WARN_DOCUMENTATION_COMMENTS = YES;
				CLANG_WARN_EMPTY_BODY = YES;
				CLANG_WARN_ENUM_CONVERSION = YES;
				CLANG_WARN_INFINITE_RECURSION = YES;
				CLANG_WARN_INT_CONVERSION = YES;
				CLANG_WARN_NON_LITERAL_NULL_CONVERSION = YES;
				CLANG_WARN_OBJC_IMPLICIT_RETAIN_SELF = YES;
				CLANG_WARN_OBJC_LITERAL_CONVERSION = YES;
				CLANG_WARN_OBJC_ROOT_CLASS = YES_ERROR;
				CLANG_WARN_RANGE_LOOP_ANALYSIS = YES;
				CLANG_WARN_STRICT_PROTOTYPES = YES;
				CLANG_WARN_SUSPICIOUS_MOVE = YES;
				CLANG_WARN_UNGUARDED_AVAILABILITY = YES_AGGRESSIVE;
				CLANG_WARN_UNREACHABLE_CODE = YES;
				CLANG_WARN__DUPLICATE_METHOD_MATCH = YES;
				CODE_SIGN_IDENTITY = "-";
				COPY_PHASE_STRIP = NO;
				DEBUG_INFORMATION_FORMAT = dwarf;
				ENABLE_STRICT_OBJC_MSGSEND = YES;
				ENABLE_TESTABILITY = YES;
				GCC_C_LANGUAGE_STANDARD = gnu11;
				GCC_DYNAMIC_NO_PIC = NO;
				GCC_NO_COMMON_BLOCKS = YES;
				GCC_OPTIMIZATION_LEVEL = 0;
				GCC_PREPROCESSOR_DEFINITIONS = (
					"DEBUG=1",
					"$(inherited)",
				);
				GCC_WARN_64_TO_32_BIT_CONVERSION = YES;
				GCC_WARN_ABOUT_RETURN_TYPE = YES_ERROR;
				GCC_WARN_UNDECLARED_SELECTOR = YES;
				GCC_WARN_UNINITIALIZED_AUTOS = YES_AGGRESSIVE;
				GCC_WARN_UNUSED_FUNCTION = YES;
				GCC_WARN_UNUSED_VARIABLE = YES;
				MACOSX_DEPLOYMENT_TARGET = 10.13;
				MTL_ENABLE_DEBUG_INFO = INCLUDE_SOURCE;
				MTL_FAST_MATH = YES;
				ONLY_ACTIVE_ARCH = YES;
				SDKROOT = macosx;
			};
			name = Debug;
		};
		4296B8EC22D6BF170049C446 /* Release */ = {
			isa = XCBuildConfiguration;
			buildSettings = {
				ALWAYS_SEARCH_USER_PATHS = NO;
				CLANG_ANALYZER_NONNULL = YES;
				CLANG_ANALYZER_NUMBER_OBJECT_CONVERSION = YES_AGGRESSIVE;
				CLANG_CXX_LANGUAGE_STANDARD = "gnu++14";
				CLANG_CXX_LIBRARY = "libc++";
				CLANG_ENABLE_MODULES = YES;
				CLANG_ENABLE_OBJC_ARC = YES;
				CLANG_ENABLE_OBJC_WEAK = YES;
				CLANG_WARN_BLOCK_CAPTURE_AUTORELEASING = YES;
				CLANG_WARN_BOOL_CONVERSION = YES;
				CLANG_WARN_COMMA = YES;
				CLANG_WARN_CONSTANT_CONVERSION = YES;
				CLANG_WARN_DEPRECATED_OBJC_IMPLEMENTATIONS = YES;
				CLANG_WARN_DIRECT_OBJC_ISA_USAGE = YES_ERROR;
				CLANG_WARN_DOCUMENTATION_COMMENTS = YES;
				CLANG_WARN_EMPTY_BODY = YES;
				CLANG_WARN_ENUM_CONVERSION = YES;
				CLANG_WARN_INFINITE_RECURSION = YES;
				CLANG_WARN_INT_CONVERSION = YES;
				CLANG_WARN_NON_LITERAL_NULL_CONVERSION = YES;
				CLANG_WARN_OBJC_IMPLICIT_RETAIN_SELF = YES;
				CLANG_WARN_OBJC_LITERAL_CONVERSION = YES;
				CLANG_WARN_OBJC_ROOT_CLASS = YES_ERROR;
				CLANG_WARN_RANGE_LOOP_ANALYSIS = YES;
				CLANG_WARN_STRICT_PROTOTYPES = YES;
				CLANG_WARN_SUSPICIOUS_MOVE = YES;
				CLANG_WARN_UNGUARDED_AVAILABILITY = YES_AGGRESSIVE;
				CLANG_WARN_UNREACHABLE_CODE = YES;
				CLANG_WARN__DUPLICATE_METHOD_MATCH = YES;
				CODE_SIGN_IDENTITY = "-";
				COPY_PHASE_STRIP = NO;
				DEBUG_INFORMATION_FORMAT = "dwarf-with-dsym";
				ENABLE_NS_ASSERTIONS = NO;
				ENABLE_STRICT_OBJC_MSGSEND = YES;
				GCC_C_LANGUAGE_STANDARD = gnu11;
				GCC_NO_COMMON_BLOCKS = YES;
				GCC_WARN_64_TO_32_BIT_CONVERSION = YES;
				GCC_WARN_ABOUT_RETURN_TYPE = YES_ERROR;
				GCC_WARN_UNDECLARED_SELECTOR = YES;
				GCC_WARN_UNINITIALIZED_AUTOS = YES_AGGRESSIVE;
				GCC_WARN_UNUSED_FUNCTION = YES;
				GCC_WARN_UNUSED_VARIABLE = YES;
				MACOSX_DEPLOYMENT_TARGET = 10.13;
				MTL_ENABLE_DEBUG_INFO = NO;
				MTL_FAST_MATH = YES;
				SDKROOT = macosx;
			};
			name = Release;
		};
		4296B8EE22D6BF170049C446 /* Debug */ = {
			isa = XCBuildConfiguration;
			buildSettings = {
				CODE_SIGN_STYLE = Automatic;
				PRODUCT_NAME = "$(TARGET_NAME)";
			};
			name = Debug;
		};
		4296B8EF22D6BF170049C446 /* Release */ = {
			isa = XCBuildConfiguration;
			buildSettings = {
				CODE_SIGN_STYLE = Automatic;
				PRODUCT_NAME = "$(TARGET_NAME)";
			};
			name = Release;
		};
/* End XCBuildConfiguration section */

/* Begin XCConfigurationList section */
		4296B8E122D6BF170049C446 /* Build configuration list for PBXProject "CS200_Lab7_2_VehicleInheritance" */ = {
			isa = XCConfigurationList;
			buildConfigurations = (
				4296B8EB22D6BF170049C446 /* Debug */,
				4296B8EC22D6BF170049C446 /* Release */,
			);
			defaultConfigurationIsVisible = 0;
			defaultConfigurationName = Release;
		};
		4296B8ED22D6BF170049C446 /* Build configuration list for PBXNativeTarget "CS200_Lab7_2_VehicleInheritance" */ = {
			isa = XCConfigurationList;
			buildConfigurations = (
				4296B8EE22D6BF170049C446 /* Debug */,
				4296B8EF22D6BF170049C446 /* Release */,
			);
			defaultConfigurationIsVisible = 0;
			defaultConfigurationName = Release;
		};
/* End XCConfigurationList section */
	};
	rootObject = 4296B8DE22D6BF170049C446 /* Project object */;
}
