// !$*UTF8*$!
{
	archiveVersion = 1;
	classes = {
	};
	objectVersion = 50;
	objects = {

/* Begin PBXBuildFile section */
		428C6DD922E66B1700D74367 /* main.cpp in Sources */ = {isa = PBXBuildFile; fileRef = 428C6DD822E66B1700D74367 /* main.cpp */; };
/* End PBXBuildFile section */

/* Begin PBXCopyFilesBuildPhase section */
		428C6DD322E66B1700D74367 /* CopyFiles */ = {
			isa = PBXCopyFilesBuildPhase;
			buildActionMask = 2147483647;
			dstPath = /usr/share/man/man1/;
			dstSubfolderSpec = 0;
			files = (
			);
			runOnlyForDeploymentPostprocessing = 1;
		};
/* End PBXCopyFilesBuildPhase section */

/* Begin PBXFileReference section */
		428C6DD522E66B1700D74367 /* CS200_FinalExam */ = {isa = PBXFileReference; explicitFileType = "compiled.mach-o.executable"; includeInIndex = 0; path = CS200_FinalExam; sourceTree = BUILT_PRODUCTS_DIR; };
		428C6DD822E66B1700D74367 /* main.cpp */ = {isa = PBXFileReference; lastKnownFileType = sourcecode.cpp.cpp; path = main.cpp; sourceTree = "<group>"; };
		428C6DE022E66B3500D74367 /* InventoryItem.h */ = {isa = PBXFileReference; lastKnownFileType = sourcecode.c.h; path = InventoryItem.h; sourceTree = "<group>"; };
		428C6DE322E66B7B00D74367 /* Entry.h */ = {isa = PBXFileReference; lastKnownFileType = sourcecode.c.h; path = Entry.h; sourceTree = "<group>"; };
		428C6DE622E6759800D74367 /* AlcoholicItem.h */ = {isa = PBXFileReference; lastKnownFileType = sourcecode.c.h; path = AlcoholicItem.h; sourceTree = "<group>"; };
		428C6DE922E679C800D74367 /* ProductItem.h */ = {isa = PBXFileReference; lastKnownFileType = sourcecode.c.h; path = ProductItem.h; sourceTree = "<group>"; };
		428C6DEF22E6BF7900D74367 /* InventoryEntry.h */ = {isa = PBXFileReference; lastKnownFileType = sourcecode.c.h; path = InventoryEntry.h; sourceTree = "<group>"; };
		428C6DF222E6C22F00D74367 /* InventoryList.h */ = {isa = PBXFileReference; lastKnownFileType = sourcecode.c.h; path = InventoryList.h; sourceTree = "<group>"; };
		F6B961AD22E6E9B20080314A /* Units.h */ = {isa = PBXFileReference; lastKnownFileType = sourcecode.c.h; path = Units.h; sourceTree = "<group>"; };
		F6B961AE22E7B6890080314A /* Alcohol.h */ = {isa = PBXFileReference; lastKnownFileType = sourcecode.c.h; path = Alcohol.h; sourceTree = "<group>"; };
/* End PBXFileReference section */

/* Begin PBXFrameworksBuildPhase section */
		428C6DD222E66B1700D74367 /* Frameworks */ = {
			isa = PBXFrameworksBuildPhase;
			buildActionMask = 2147483647;
			files = (
			);
			runOnlyForDeploymentPostprocessing = 0;
		};
/* End PBXFrameworksBuildPhase section */

/* Begin PBXGroup section */
		428C6DCC22E66B1700D74367 = {
			isa = PBXGroup;
			children = (
				428C6DD722E66B1700D74367 /* CS200_FinalExam */,
				428C6DD622E66B1700D74367 /* Products */,
			);
			sourceTree = "<group>";
		};
		428C6DD622E66B1700D74367 /* Products */ = {
			isa = PBXGroup;
			children = (
				428C6DD522E66B1700D74367 /* CS200_FinalExam */,
			);
			name = Products;
			sourceTree = "<group>";
		};
		428C6DD722E66B1700D74367 /* CS200_FinalExam */ = {
			isa = PBXGroup;
			children = (
				428C6DD822E66B1700D74367 /* main.cpp */,
				428C6DE022E66B3500D74367 /* InventoryItem.h */,
				F6B961AD22E6E9B20080314A /* Units.h */,
				428C6DE922E679C800D74367 /* ProductItem.h */,
				428C6DE622E6759800D74367 /* AlcoholicItem.h */,
				F6B961AE22E7B6890080314A /* Alcohol.h */,
				428C6DE322E66B7B00D74367 /* Entry.h */,
				428C6DEF22E6BF7900D74367 /* InventoryEntry.h */,
				428C6DF222E6C22F00D74367 /* InventoryList.h */,
			);
			path = CS200_FinalExam;
			sourceTree = "<group>";
		};
/* End PBXGroup section */

/* Begin PBXNativeTarget section */
		428C6DD422E66B1700D74367 /* CS200_FinalExam */ = {
			isa = PBXNativeTarget;
			buildConfigurationList = 428C6DDC22E66B1700D74367 /* Build configuration list for PBXNativeTarget "CS200_FinalExam" */;
			buildPhases = (
				428C6DD122E66B1700D74367 /* Sources */,
				428C6DD222E66B1700D74367 /* Frameworks */,
				428C6DD322E66B1700D74367 /* CopyFiles */,
			);
			buildRules = (
			);
			dependencies = (
			);
			name = CS200_FinalExam;
			productName = CS200_FinalExam;
			productReference = 428C6DD522E66B1700D74367 /* CS200_FinalExam */;
			productType = "com.apple.product-type.tool";
		};
/* End PBXNativeTarget section */

/* Begin PBXProject section */
		428C6DCD22E66B1700D74367 /* Project object */ = {
			isa = PBXProject;
			attributes = {
				LastUpgradeCheck = 1010;
				ORGANIZATIONNAME = "Jessie Sully";
				TargetAttributes = {
					428C6DD422E66B1700D74367 = {
						CreatedOnToolsVersion = 10.1;
					};
				};
			};
			buildConfigurationList = 428C6DD022E66B1700D74367 /* Build configuration list for PBXProject "CS200_FinalExam" */;
			compatibilityVersion = "Xcode 9.3";
			developmentRegion = en;
			hasScannedForEncodings = 0;
			knownRegions = (
				en,
			);
			mainGroup = 428C6DCC22E66B1700D74367;
			productRefGroup = 428C6DD622E66B1700D74367 /* Products */;
			projectDirPath = "";
			projectRoot = "";
			targets = (
				428C6DD422E66B1700D74367 /* CS200_FinalExam */,
			);
		};
/* End PBXProject section */

/* Begin PBXSourcesBuildPhase section */
		428C6DD122E66B1700D74367 /* Sources */ = {
			isa = PBXSourcesBuildPhase;
			buildActionMask = 2147483647;
			files = (
				428C6DD922E66B1700D74367 /* main.cpp in Sources */,
			);
			runOnlyForDeploymentPostprocessing = 0;
		};
/* End PBXSourcesBuildPhase section */

/* Begin XCBuildConfiguration section */
		428C6DDA22E66B1700D74367 /* Debug */ = {
			isa = XCBuildConfiguration;
			buildSettings = {
				ALWAYS_SEARCH_USER_PATHS = NO;
				CLANG_ANALYZER_NONNULL = YES;
				CLANG_ANALYZER_NUMBER_OBJECT_CONVERSION = YES_AGGRESSIVE;
				CLANG_CXX_LANGUAGE_STANDARD = "gnu++14";
				CLANG_CXX_LIBRARY = "libc++";
				CLANG_ENABLE_MODULES = YES;
				CLANG_ENABLE_OBJC_ARC = YES;
				CLANG_ENABLE_OBJC_WEAK = YES;
				CLANG_WARN_BLOCK_CAPTURE_AUTORELEASING = YES;
				CLANG_WARN_BOOL_CONVERSION = YES;
				CLANG_WARN_COMMA = YES;
				CLANG_WARN_CONSTANT_CONVERSION = YES;
				CLANG_WARN_DEPRECATED_OBJC_IMPLEMENTATIONS = YES;
				CLANG_WARN_DIRECT_OBJC_ISA_USAGE = YES_ERROR;
				CLANG_WARN_DOCUMENTATION_COMMENTS = YES;
				CLANG_WARN_EMPTY_BODY = YES;
				CLANG_WARN_ENUM_CONVERSION = YES;
				CLANG_WARN_INFINITE_RECURSION = YES;
				CLANG_WARN_INT_CONVERSION = YES;
				CLANG_WARN_NON_LITERAL_NULL_CONVERSION = YES;
				CLANG_WARN_OBJC_IMPLICIT_RETAIN_SELF = YES;
				CLANG_WARN_OBJC_LITERAL_CONVERSION = YES;
				CLANG_WARN_OBJC_ROOT_CLASS = YES_ERROR;
				CLANG_WARN_RANGE_LOOP_ANALYSIS = YES;
				CLANG_WARN_STRICT_PROTOTYPES = YES;
				CLANG_WARN_SUSPICIOUS_MOVE = YES;
				CLANG_WARN_UNGUARDED_AVAILABILITY = YES_AGGRESSIVE;
				CLANG_WARN_UNREACHABLE_CODE = YES;
				CLANG_WARN__DUPLICATE_METHOD_MATCH = YES;
				CODE_SIGN_IDENTITY = "-";
				COPY_PHASE_STRIP = NO;
				DEBUG_INFORMATION_FORMAT = dwarf;
				ENABLE_STRICT_OBJC_MSGSEND = YES;
				ENABLE_TESTABILITY = YES;
				GCC_C_LANGUAGE_STANDARD = gnu11;
				GCC_DYNAMIC_NO_PIC = NO;
				GCC_NO_COMMON_BLOCKS = YES;
				GCC_OPTIMIZATION_LEVEL = 0;
				GCC_PREPROCESSOR_DEFINITIONS = (
					"DEBUG=1",
					"$(inherited)",
				);
				GCC_WARN_64_TO_32_BIT_CONVERSION = YES;
				GCC_WARN_ABOUT_RETURN_TYPE = YES_ERROR;
				GCC_WARN_UNDECLARED_SELECTOR = YES;
				GCC_WARN_UNINITIALIZED_AUTOS = YES_AGGRESSIVE;
				GCC_WARN_UNUSED_FUNCTION = YES;
				GCC_WARN_UNUSED_VARIABLE = YES;
				MACOSX_DEPLOYMENT_TARGET = 10.13;
				MTL_ENABLE_DEBUG_INFO = INCLUDE_SOURCE;
				MTL_FAST_MATH = YES;
				ONLY_ACTIVE_ARCH = YES;
				SDKROOT = macosx;
			};
			name = Debug;
		};
		428C6DDB22E66B1700D74367 /* Release */ = {
			isa = XCBuildConfiguration;
			buildSettings = {
				ALWAYS_SEARCH_USER_PATHS = NO;
				CLANG_ANALYZER_NONNULL = YES;
				CLANG_ANALYZER_NUMBER_OBJECT_CONVERSION = YES_AGGRESSIVE;
				CLANG_CXX_LANGUAGE_STANDARD = "gnu++14";
				CLANG_CXX_LIBRARY = "libc++";
				CLANG_ENABLE_MODULES = YES;
				CLANG_ENABLE_OBJC_ARC = YES;
				CLANG_ENABLE_OBJC_WEAK = YES;
				CLANG_WARN_BLOCK_CAPTURE_AUTORELEASING = YES;
				CLANG_WARN_BOOL_CONVERSION = YES;
				CLANG_WARN_COMMA = YES;
				CLANG_WARN_CONSTANT_CONVERSION = YES;
				CLANG_WARN_DEPRECATED_OBJC_IMPLEMENTATIONS = YES;
				CLANG_WARN_DIRECT_OBJC_ISA_USAGE = YES_ERROR;
				CLANG_WARN_DOCUMENTATION_COMMENTS = YES;
				CLANG_WARN_EMPTY_BODY = YES;
				CLANG_WARN_ENUM_CONVERSION = YES;
				CLANG_WARN_INFINITE_RECURSION = YES;
				CLANG_WARN_INT_CONVERSION = YES;
				CLANG_WARN_NON_LITERAL_NULL_CONVERSION = YES;
				CLANG_WARN_OBJC_IMPLICIT_RETAIN_SELF = YES;
				CLANG_WARN_OBJC_LITERAL_CONVERSION = YES;
				CLANG_WARN_OBJC_ROOT_CLASS = YES_ERROR;
				CLANG_WARN_RANGE_LOOP_ANALYSIS = YES;
				CLANG_WARN_STRICT_PROTOTYPES = YES;
				CLANG_WARN_SUSPICIOUS_MOVE = YES;
				CLANG_WARN_UNGUARDED_AVAILABILITY = YES_AGGRESSIVE;
				CLANG_WARN_UNREACHABLE_CODE = YES;
				CLANG_WARN__DUPLICATE_METHOD_MATCH = YES;
				CODE_SIGN_IDENTITY = "-";
				COPY_PHASE_STRIP = NO;
				DEBUG_INFORMATION_FORMAT = "dwarf-with-dsym";
				ENABLE_NS_ASSERTIONS = NO;
				ENABLE_STRICT_OBJC_MSGSEND = YES;
				GCC_C_LANGUAGE_STANDARD = gnu11;
				GCC_NO_COMMON_BLOCKS = YES;
				GCC_WARN_64_TO_32_BIT_CONVERSION = YES;
				GCC_WARN_ABOUT_RETURN_TYPE = YES_ERROR;
				GCC_WARN_UNDECLARED_SELECTOR = YES;
				GCC_WARN_UNINITIALIZED_AUTOS = YES_AGGRESSIVE;
				GCC_WARN_UNUSED_FUNCTION = YES;
				GCC_WARN_UNUSED_VARIABLE = YES;
				MACOSX_DEPLOYMENT_TARGET = 10.13;
				MTL_ENABLE_DEBUG_INFO = NO;
				MTL_FAST_MATH = YES;
				SDKROOT = macosx;
			};
			name = Release;
		};
		428C6DDD22E66B1700D74367 /* Debug */ = {
			isa = XCBuildConfiguration;
			buildSettings = {
				CODE_SIGN_STYLE = Automatic;
				PRODUCT_NAME = "$(TARGET_NAME)";
			};
			name = Debug;
		};
		428C6DDE22E66B1700D74367 /* Release */ = {
			isa = XCBuildConfiguration;
			buildSettings = {
				CODE_SIGN_STYLE = Automatic;
				PRODUCT_NAME = "$(TARGET_NAME)";
			};
			name = Release;
		};
/* End XCBuildConfiguration section */

/* Begin XCConfigurationList section */
		428C6DD022E66B1700D74367 /* Build configuration list for PBXProject "CS200_FinalExam" */ = {
			isa = XCConfigurationList;
			buildConfigurations = (
				428C6DDA22E66B1700D74367 /* Debug */,
				428C6DDB22E66B1700D74367 /* Release */,
			);
			defaultConfigurationIsVisible = 0;
			defaultConfigurationName = Release;
		};
		428C6DDC22E66B1700D74367 /* Build configuration list for PBXNativeTarget "CS200_FinalExam" */ = {
			isa = XCConfigurationList;
			buildConfigurations = (
				428C6DDD22E66B1700D74367 /* Debug */,
				428C6DDE22E66B1700D74367 /* Release */,
			);
			defaultConfigurationIsVisible = 0;
			defaultConfigurationName = Release;
		};
/* End XCConfigurationList section */
	};
	rootObject = 428C6DCD22E66B1700D74367 /* Project object */;
}
